// !$*UTF8*$!
{
	archiveVersion = 1;
	classes = {
	};
	objectVersion = 46;
	objects = {

/* Begin PBXBuildFile section */
		4459CE8218E3AA9700A32BB8 /* ImageViewController.m in Sources */ = {isa = PBXBuildFile; fileRef = 4459CE8118E3AA9700A32BB8 /* ImageViewController.m */; };
		4459CE8618E3AB0600A32BB8 /* FlickerPhotoImageViewController.m in Sources */ = {isa = PBXBuildFile; fileRef = 4459CE8518E3AB0600A32BB8 /* FlickerPhotoImageViewController.m */; };
		4481EE8318FF5E0400BDCB0F /* FlickerCache.m in Sources */ = {isa = PBXBuildFile; fileRef = 4481EE8218FF5E0400BDCB0F /* FlickerCache.m */; };
		44E05A0018832A180082272F /* Foundation.framework in Frameworks */ = {isa = PBXBuildFile; fileRef = 44E059FF18832A180082272F /* Foundation.framework */; };
		44E05A0218832A180082272F /* CoreGraphics.framework in Frameworks */ = {isa = PBXBuildFile; fileRef = 44E05A0118832A180082272F /* CoreGraphics.framework */; };
		44E05A0418832A180082272F /* UIKit.framework in Frameworks */ = {isa = PBXBuildFile; fileRef = 44E05A0318832A180082272F /* UIKit.framework */; };
		44E05A0A18832A180082272F /* InfoPlist.strings in Resources */ = {isa = PBXBuildFile; fileRef = 44E05A0818832A180082272F /* InfoPlist.strings */; };
		44E05A0C18832A180082272F /* main.m in Sources */ = {isa = PBXBuildFile; fileRef = 44E05A0B18832A180082272F /* main.m */; };
		44E05A1018832A180082272F /* AppDelegate.m in Sources */ = {isa = PBXBuildFile; fileRef = 44E05A0F18832A180082272F /* AppDelegate.m */; };
		44E05A1318832A180082272F /* Main_iPhone.storyboard in Resources */ = {isa = PBXBuildFile; fileRef = 44E05A1118832A180082272F /* Main_iPhone.storyboard */; };
		44E05A1618832A180082272F /* Main_iPad.storyboard in Resources */ = {isa = PBXBuildFile; fileRef = 44E05A1418832A180082272F /* Main_iPad.storyboard */; };
		44E05A1B18832A180082272F /* Images.xcassets in Resources */ = {isa = PBXBuildFile; fileRef = 44E05A1A18832A180082272F /* Images.xcassets */; };
		44E05A2218832A180082272F /* XCTest.framework in Frameworks */ = {isa = PBXBuildFile; fileRef = 44E05A2118832A180082272F /* XCTest.framework */; };
		44E05A2318832A180082272F /* Foundation.framework in Frameworks */ = {isa = PBXBuildFile; fileRef = 44E059FF18832A180082272F /* Foundation.framework */; };
		44E05A2418832A180082272F /* UIKit.framework in Frameworks */ = {isa = PBXBuildFile; fileRef = 44E05A0318832A180082272F /* UIKit.framework */; };
		44E05A2C18832A180082272F /* InfoPlist.strings in Resources */ = {isa = PBXBuildFile; fileRef = 44E05A2A18832A180082272F /* InfoPlist.strings */; };
		44E05A2E18832A180082272F /* SpotFlickerFetcherTests.m in Sources */ = {isa = PBXBuildFile; fileRef = 44E05A2D18832A180082272F /* SpotFlickerFetcherTests.m */; };
		44E05A3B18832A330082272F /* FlickrFetcher.m in Sources */ = {isa = PBXBuildFile; fileRef = 44E05A3A18832A330082272F /* FlickrFetcher.m */; };
		44E05A3E188337760082272F /* TagTableViewController.m in Sources */ = {isa = PBXBuildFile; fileRef = 44E05A3D188337760082272F /* TagTableViewController.m */; };
		44E05A441883A5150082272F /* FlickPhotoTableViewController.m in Sources */ = {isa = PBXBuildFile; fileRef = 44E05A431883A5150082272F /* FlickPhotoTableViewController.m */; };
		44E130D818F45473009952D3 /* NetworkActivityIndicator.m in Sources */ = {isa = PBXBuildFile; fileRef = 44E130D718F45473009952D3 /* NetworkActivityIndicator.m */; };
		44FD395B18EAC9CA0056773E /* RecentPhotos.m in Sources */ = {isa = PBXBuildFile; fileRef = 44FD395A18EAC9CA0056773E /* RecentPhotos.m */; };
		44FD395E18EB13520056773E /* RecentPhotoTableViewController.m in Sources */ = {isa = PBXBuildFile; fileRef = 44FD395D18EB13520056773E /* RecentPhotoTableViewController.m */; };
/* End PBXBuildFile section */

/* Begin PBXContainerItemProxy section */
		44E05A2518832A180082272F /* PBXContainerItemProxy */ = {
			isa = PBXContainerItemProxy;
			containerPortal = 44E059F418832A180082272F /* Project object */;
			proxyType = 1;
			remoteGlobalIDString = 44E059FB18832A180082272F;
			remoteInfo = SpotFlickerFetcher;
		};
/* End PBXContainerItemProxy section */

/* Begin PBXFileReference section */
		4459CE8018E3AA9700A32BB8 /* ImageViewController.h */ = {isa = PBXFileReference; fileEncoding = 4; lastKnownFileType = sourcecode.c.h; path = ImageViewController.h; sourceTree = "<group>"; };
		4459CE8118E3AA9700A32BB8 /* ImageViewController.m */ = {isa = PBXFileReference; fileEncoding = 4; lastKnownFileType = sourcecode.c.objc; path = ImageViewController.m; sourceTree = "<group>"; };
		4459CE8418E3AB0600A32BB8 /* FlickerPhotoImageViewController.h */ = {isa = PBXFileReference; fileEncoding = 4; lastKnownFileType = sourcecode.c.h; path = FlickerPhotoImageViewController.h; sourceTree = "<group>"; };
		4459CE8518E3AB0600A32BB8 /* FlickerPhotoImageViewController.m */ = {isa = PBXFileReference; fileEncoding = 4; lastKnownFileType = sourcecode.c.objc; path = FlickerPhotoImageViewController.m; sourceTree = "<group>"; };
		4481EE8118FF5E0400BDCB0F /* FlickerCache.h */ = {isa = PBXFileReference; fileEncoding = 4; lastKnownFileType = sourcecode.c.h; name = FlickerCache.h; path = SpotFlickerFetcher/FlickerCache.h; sourceTree = "<group>"; };
		4481EE8218FF5E0400BDCB0F /* FlickerCache.m */ = {isa = PBXFileReference; fileEncoding = 4; lastKnownFileType = sourcecode.c.objc; name = FlickerCache.m; path = SpotFlickerFetcher/FlickerCache.m; sourceTree = "<group>"; };
		44E059FC18832A180082272F /* SpotFlickerFetcher.app */ = {isa = PBXFileReference; explicitFileType = wrapper.application; includeInIndex = 0; path = SpotFlickerFetcher.app; sourceTree = BUILT_PRODUCTS_DIR; };
		44E059FF18832A180082272F /* Foundation.framework */ = {isa = PBXFileReference; lastKnownFileType = wrapper.framework; name = Foundation.framework; path = System/Library/Frameworks/Foundation.framework; sourceTree = SDKROOT; };
		44E05A0118832A180082272F /* CoreGraphics.framework */ = {isa = PBXFileReference; lastKnownFileType = wrapper.framework; name = CoreGraphics.framework; path = System/Library/Frameworks/CoreGraphics.framework; sourceTree = SDKROOT; };
		44E05A0318832A180082272F /* UIKit.framework */ = {isa = PBXFileReference; lastKnownFileType = wrapper.framework; name = UIKit.framework; path = System/Library/Frameworks/UIKit.framework; sourceTree = SDKROOT; };
		44E05A0718832A180082272F /* SpotFlickerFetcher-Info.plist */ = {isa = PBXFileReference; lastKnownFileType = text.plist.xml; path = "SpotFlickerFetcher-Info.plist"; sourceTree = "<group>"; };
		44E05A0918832A180082272F /* en */ = {isa = PBXFileReference; lastKnownFileType = text.plist.strings; name = en; path = en.lproj/InfoPlist.strings; sourceTree = "<group>"; };
		44E05A0B18832A180082272F /* main.m */ = {isa = PBXFileReference; lastKnownFileType = sourcecode.c.objc; path = main.m; sourceTree = "<group>"; };
		44E05A0D18832A180082272F /* SpotFlickerFetcher-Prefix.pch */ = {isa = PBXFileReference; lastKnownFileType = sourcecode.c.h; path = "SpotFlickerFetcher-Prefix.pch"; sourceTree = "<group>"; };
		44E05A0E18832A180082272F /* AppDelegate.h */ = {isa = PBXFileReference; lastKnownFileType = sourcecode.c.h; path = AppDelegate.h; sourceTree = "<group>"; };
		44E05A0F18832A180082272F /* AppDelegate.m */ = {isa = PBXFileReference; lastKnownFileType = sourcecode.c.objc; path = AppDelegate.m; sourceTree = "<group>"; };
		44E05A1218832A180082272F /* Base */ = {isa = PBXFileReference; lastKnownFileType = file.storyboard; name = Base; path = Base.lproj/Main_iPhone.storyboard; sourceTree = "<group>"; };
		44E05A1518832A180082272F /* Base */ = {isa = PBXFileReference; lastKnownFileType = file.storyboard; name = Base; path = Base.lproj/Main_iPad.storyboard; sourceTree = "<group>"; };
		44E05A1A18832A180082272F /* Images.xcassets */ = {isa = PBXFileReference; lastKnownFileType = folder.assetcatalog; path = Images.xcassets; sourceTree = "<group>"; };
		44E05A2018832A180082272F /* SpotFlickerFetcherTests.xctest */ = {isa = PBXFileReference; explicitFileType = wrapper.cfbundle; includeInIndex = 0; path = SpotFlickerFetcherTests.xctest; sourceTree = BUILT_PRODUCTS_DIR; };
		44E05A2118832A180082272F /* XCTest.framework */ = {isa = PBXFileReference; lastKnownFileType = wrapper.framework; name = XCTest.framework; path = Library/Frameworks/XCTest.framework; sourceTree = DEVELOPER_DIR; };
		44E05A2918832A180082272F /* SpotFlickerFetcherTests-Info.plist */ = {isa = PBXFileReference; lastKnownFileType = text.plist.xml; path = "SpotFlickerFetcherTests-Info.plist"; sourceTree = "<group>"; };
		44E05A2B18832A180082272F /* en */ = {isa = PBXFileReference; lastKnownFileType = text.plist.strings; name = en; path = en.lproj/InfoPlist.strings; sourceTree = "<group>"; };
		44E05A2D18832A180082272F /* SpotFlickerFetcherTests.m */ = {isa = PBXFileReference; lastKnownFileType = sourcecode.c.objc; path = SpotFlickerFetcherTests.m; sourceTree = "<group>"; };
		44E05A3818832A330082272F /* FlickrAPIKey.h */ = {isa = PBXFileReference; fileEncoding = 4; lastKnownFileType = sourcecode.c.h; path = FlickrAPIKey.h; sourceTree = "<group>"; };
		44E05A3918832A330082272F /* FlickrFetcher.h */ = {isa = PBXFileReference; fileEncoding = 4; lastKnownFileType = sourcecode.c.h; path = FlickrFetcher.h; sourceTree = "<group>"; };
		44E05A3A18832A330082272F /* FlickrFetcher.m */ = {isa = PBXFileReference; fileEncoding = 4; lastKnownFileType = sourcecode.c.objc; path = FlickrFetcher.m; sourceTree = "<group>"; };
		44E05A3C188337760082272F /* TagTableViewController.h */ = {isa = PBXFileReference; fileEncoding = 4; lastKnownFileType = sourcecode.c.h; path = TagTableViewController.h; sourceTree = "<group>"; };
		44E05A3D188337760082272F /* TagTableViewController.m */ = {isa = PBXFileReference; fileEncoding = 4; lastKnownFileType = sourcecode.c.objc; path = TagTableViewController.m; sourceTree = "<group>"; };
		44E05A421883A5150082272F /* FlickPhotoTableViewController.h */ = {isa = PBXFileReference; fileEncoding = 4; lastKnownFileType = sourcecode.c.h; path = FlickPhotoTableViewController.h; sourceTree = "<group>"; };
		44E05A431883A5150082272F /* FlickPhotoTableViewController.m */ = {isa = PBXFileReference; fileEncoding = 4; lastKnownFileType = sourcecode.c.objc; path = FlickPhotoTableViewController.m; sourceTree = "<group>"; };
		44E130D618F45473009952D3 /* NetworkActivityIndicator.h */ = {isa = PBXFileReference; fileEncoding = 4; lastKnownFileType = sourcecode.c.h; name = NetworkActivityIndicator.h; path = ../NetworkActivityIndicator.h; sourceTree = "<group>"; };
		44E130D718F45473009952D3 /* NetworkActivityIndicator.m */ = {isa = PBXFileReference; fileEncoding = 4; lastKnownFileType = sourcecode.c.objc; name = NetworkActivityIndicator.m; path = ../NetworkActivityIndicator.m; sourceTree = "<group>"; };
		44FD395918EAC9CA0056773E /* RecentPhotos.h */ = {isa = PBXFileReference; fileEncoding = 4; lastKnownFileType = sourcecode.c.h; path = RecentPhotos.h; sourceTree = "<group>"; };
		44FD395A18EAC9CA0056773E /* RecentPhotos.m */ = {isa = PBXFileReference; fileEncoding = 4; lastKnownFileType = sourcecode.c.objc; path = RecentPhotos.m; sourceTree = "<group>"; };
		44FD395C18EB13520056773E /* RecentPhotoTableViewController.h */ = {isa = PBXFileReference; fileEncoding = 4; lastKnownFileType = sourcecode.c.h; path = RecentPhotoTableViewController.h; sourceTree = "<group>"; };
		44FD395D18EB13520056773E /* RecentPhotoTableViewController.m */ = {isa = PBXFileReference; fileEncoding = 4; lastKnownFileType = sourcecode.c.objc; path = RecentPhotoTableViewController.m; sourceTree = "<group>"; };
/* End PBXFileReference section */

/* Begin PBXFrameworksBuildPhase section */
		44E059F918832A180082272F /* Frameworks */ = {
			isa = PBXFrameworksBuildPhase;
			buildActionMask = 2147483647;
			files = (
				44E05A0218832A180082272F /* CoreGraphics.framework in Frameworks */,
				44E05A0418832A180082272F /* UIKit.framework in Frameworks */,
				44E05A0018832A180082272F /* Foundation.framework in Frameworks */,
			);
			runOnlyForDeploymentPostprocessing = 0;
		};
		44E05A1D18832A180082272F /* Frameworks */ = {
			isa = PBXFrameworksBuildPhase;
			buildActionMask = 2147483647;
			files = (
				44E05A2218832A180082272F /* XCTest.framework in Frameworks */,
				44E05A2418832A180082272F /* UIKit.framework in Frameworks */,
				44E05A2318832A180082272F /* Foundation.framework in Frameworks */,
			);
			runOnlyForDeploymentPostprocessing = 0;
		};
/* End PBXFrameworksBuildPhase section */

/* Begin PBXGroup section */
		4459CE8318E3AAAA00A32BB8 /* TableViewControllers */ = {
			isa = PBXGroup;
			children = (
				44FD395C18EB13520056773E /* RecentPhotoTableViewController.h */,
				44FD395D18EB13520056773E /* RecentPhotoTableViewController.m */,
				44E05A421883A5150082272F /* FlickPhotoTableViewController.h */,
				44E05A431883A5150082272F /* FlickPhotoTableViewController.m */,
				44E05A3C188337760082272F /* TagTableViewController.h */,
				44E05A3D188337760082272F /* TagTableViewController.m */,
			);
			name = TableViewControllers;
			sourceTree = "<group>";
		};
		4459CE8718E3B7A400A32BB8 /* ImageVIewController */ = {
			isa = PBXGroup;
			children = (
				4459CE8018E3AA9700A32BB8 /* ImageViewController.h */,
				4459CE8118E3AA9700A32BB8 /* ImageViewController.m */,
				4459CE8418E3AB0600A32BB8 /* FlickerPhotoImageViewController.h */,
				4459CE8518E3AB0600A32BB8 /* FlickerPhotoImageViewController.m */,
			);
			name = ImageVIewController;
			sourceTree = "<group>";
		};
		4488784B18C1EBA600FEF56E /* Storyboards */ = {
			isa = PBXGroup;
			children = (
				44E05A1418832A180082272F /* Main_iPad.storyboard */,
				44E05A1118832A180082272F /* Main_iPhone.storyboard */,
			);
			name = Storyboards;
			sourceTree = "<group>";
		};
		448A791918C37992009D564E /* Recent */ = {
			isa = PBXGroup;
			children = (
				44FD395918EAC9CA0056773E /* RecentPhotos.h */,
				44FD395A18EAC9CA0056773E /* RecentPhotos.m */,
			);
			name = Recent;
			sourceTree = "<group>";
		};
		44E059F318832A180082272F = {
			isa = PBXGroup;
			children = (
				44E0DC5C19042C2D0005DAC5 /* FlickerCache */,
				44E05A0518832A180082272F /* SpotFlickerFetcher */,
				44E05A2718832A180082272F /* SpotFlickerFetcherTests */,
				44E059FE18832A180082272F /* Frameworks */,
				44E059FD18832A180082272F /* Products */,
			);
			sourceTree = "<group>";
		};
		44E059FD18832A180082272F /* Products */ = {
			isa = PBXGroup;
			children = (
				44E059FC18832A180082272F /* SpotFlickerFetcher.app */,
				44E05A2018832A180082272F /* SpotFlickerFetcherTests.xctest */,
			);
			name = Products;
			sourceTree = "<group>";
		};
		44E059FE18832A180082272F /* Frameworks */ = {
			isa = PBXGroup;
			children = (
				44E059FF18832A180082272F /* Foundation.framework */,
				44E05A0118832A180082272F /* CoreGraphics.framework */,
				44E05A0318832A180082272F /* UIKit.framework */,
				44E05A2118832A180082272F /* XCTest.framework */,
			);
			name = Frameworks;
			sourceTree = "<group>";
		};
		44E05A0518832A180082272F /* SpotFlickerFetcher */ = {
			isa = PBXGroup;
			children = (
				44E05A0E18832A180082272F /* AppDelegate.h */,
				44E05A0F18832A180082272F /* AppDelegate.m */,
				44E05A3718832A330082272F /* FlickrFetcher */,
				448A791918C37992009D564E /* Recent */,
				4488784B18C1EBA600FEF56E /* Storyboards */,
				4459CE8718E3B7A400A32BB8 /* ImageVIewController */,
				4459CE8318E3AAAA00A32BB8 /* TableViewControllers */,
				44E05A1A18832A180082272F /* Images.xcassets */,
				44E05A0618832A180082272F /* Supporting Files */,
			);
			path = SpotFlickerFetcher;
			sourceTree = "<group>";
		};
		44E05A0618832A180082272F /* Supporting Files */ = {
			isa = PBXGroup;
			children = (
				44E05A0718832A180082272F /* SpotFlickerFetcher-Info.plist */,
				44E05A0818832A180082272F /* InfoPlist.strings */,
				44E05A0B18832A180082272F /* main.m */,
				44E05A0D18832A180082272F /* SpotFlickerFetcher-Prefix.pch */,
			);
			name = "Supporting Files";
			sourceTree = "<group>";
		};
		44E05A2718832A180082272F /* SpotFlickerFetcherTests */ = {
			isa = PBXGroup;
			children = (
				44E05A2D18832A180082272F /* SpotFlickerFetcherTests.m */,
				44E05A2818832A180082272F /* Supporting Files */,
			);
			path = SpotFlickerFetcherTests;
			sourceTree = "<group>";
		};
		44E05A2818832A180082272F /* Supporting Files */ = {
			isa = PBXGroup;
			children = (
				44E05A2918832A180082272F /* SpotFlickerFetcherTests-Info.plist */,
				44E05A2A18832A180082272F /* InfoPlist.strings */,
			);
			name = "Supporting Files";
			sourceTree = "<group>";
		};
		44E05A3718832A330082272F /* FlickrFetcher */ = {
			isa = PBXGroup;
			children = (
				44E130D718F45473009952D3 /* NetworkActivityIndicator.m */,
				44E130D618F45473009952D3 /* NetworkActivityIndicator.h */,
				44E05A3818832A330082272F /* FlickrAPIKey.h */,
				44E05A3918832A330082272F /* FlickrFetcher.h */,
				44E05A3A18832A330082272F /* FlickrFetcher.m */,
			);
			path = FlickrFetcher;
			sourceTree = "<group>";
		};
		44E0DC5C19042C2D0005DAC5 /* FlickerCache */ = {
			isa = PBXGroup;
			children = (
				4481EE8118FF5E0400BDCB0F /* FlickerCache.h */,
				4481EE8218FF5E0400BDCB0F /* FlickerCache.m */,
			);
			name = FlickerCache;
			sourceTree = "<group>";
		};
/* End PBXGroup section */

/* Begin PBXNativeTarget section */
		44E059FB18832A180082272F /* SpotFlickerFetcher */ = {
			isa = PBXNativeTarget;
			buildConfigurationList = 44E05A3118832A180082272F /* Build configuration list for PBXNativeTarget "SpotFlickerFetcher" */;
			buildPhases = (
				44E059F818832A180082272F /* Sources */,
				44E059F918832A180082272F /* Frameworks */,
				44E059FA18832A180082272F /* Resources */,
			);
			buildRules = (
			);
			dependencies = (
			);
			name = SpotFlickerFetcher;
			productName = SpotFlickerFetcher;
			productReference = 44E059FC18832A180082272F /* SpotFlickerFetcher.app */;
			productType = "com.apple.product-type.application";
		};
		44E05A1F18832A180082272F /* SpotFlickerFetcherTests */ = {
			isa = PBXNativeTarget;
			buildConfigurationList = 44E05A3418832A180082272F /* Build configuration list for PBXNativeTarget "SpotFlickerFetcherTests" */;
			buildPhases = (
				44E05A1C18832A180082272F /* Sources */,
				44E05A1D18832A180082272F /* Frameworks */,
				44E05A1E18832A180082272F /* Resources */,
			);
			buildRules = (
			);
			dependencies = (
				44E05A2618832A180082272F /* PBXTargetDependency */,
			);
			name = SpotFlickerFetcherTests;
			productName = SpotFlickerFetcherTests;
			productReference = 44E05A2018832A180082272F /* SpotFlickerFetcherTests.xctest */;
			productType = "com.apple.product-type.bundle.unit-test";
		};
/* End PBXNativeTarget section */

/* Begin PBXProject section */
		44E059F418832A180082272F /* Project object */ = {
			isa = PBXProject;
			attributes = {
				LastUpgradeCheck = 0500;
				ORGANIZATIONNAME = "Eugene Mammie";
				TargetAttributes = {
					44E05A1F18832A180082272F = {
						TestTargetID = 44E059FB18832A180082272F;
					};
				};
			};
			buildConfigurationList = 44E059F718832A180082272F /* Build configuration list for PBXProject "SpotFlickerFetcher" */;
			compatibilityVersion = "Xcode 3.2";
			developmentRegion = English;
			hasScannedForEncodings = 0;
			knownRegions = (
				en,
				Base,
			);
			mainGroup = 44E059F318832A180082272F;
			productRefGroup = 44E059FD18832A180082272F /* Products */;
			projectDirPath = "";
			projectRoot = "";
			targets = (
				44E059FB18832A180082272F /* SpotFlickerFetcher */,
				44E05A1F18832A180082272F /* SpotFlickerFetcherTests */,
			);
		};
/* End PBXProject section */

/* Begin PBXResourcesBuildPhase section */
		44E059FA18832A180082272F /* Resources */ = {
			isa = PBXResourcesBuildPhase;
			buildActionMask = 2147483647;
			files = (
				44E05A1618832A180082272F /* Main_iPad.storyboard in Resources */,
				44E05A1B18832A180082272F /* Images.xcassets in Resources */,
				44E05A1318832A180082272F /* Main_iPhone.storyboard in Resources */,
				44E05A0A18832A180082272F /* InfoPlist.strings in Resources */,
			);
			runOnlyForDeploymentPostprocessing = 0;
		};
		44E05A1E18832A180082272F /* Resources */ = {
			isa = PBXResourcesBuildPhase;
			buildActionMask = 2147483647;
			files = (
				44E05A2C18832A180082272F /* InfoPlist.strings in Resources */,
			);
			runOnlyForDeploymentPostprocessing = 0;
		};
/* End PBXResourcesBuildPhase section */

/* Begin PBXSourcesBuildPhase section */
		44E059F818832A180082272F /* Sources */ = {
			isa = PBXSourcesBuildPhase;
			buildActionMask = 2147483647;
			files = (
				44FD395E18EB13520056773E /* RecentPhotoTableViewController.m in Sources */,
				44E05A3E188337760082272F /* TagTableViewController.m in Sources */,
				4459CE8218E3AA9700A32BB8 /* ImageViewController.m in Sources */,
				44E130D818F45473009952D3 /* NetworkActivityIndicator.m in Sources */,
				44E05A441883A5150082272F /* FlickPhotoTableViewController.m in Sources */,
				44FD395B18EAC9CA0056773E /* RecentPhotos.m in Sources */,
				44E05A1018832A180082272F /* AppDelegate.m in Sources */,
				44E05A3B18832A330082272F /* FlickrFetcher.m in Sources */,
				44E05A0C18832A180082272F /* main.m in Sources */,
				4459CE8618E3AB0600A32BB8 /* FlickerPhotoImageViewController.m in Sources */,
				4481EE8318FF5E0400BDCB0F /* FlickerCache.m in Sources */,
			);
			runOnlyForDeploymentPostprocessing = 0;
		};
		44E05A1C18832A180082272F /* Sources */ = {
			isa = PBXSourcesBuildPhase;
			buildActionMask = 2147483647;
			files = (
				44E05A2E18832A180082272F /* SpotFlickerFetcherTests.m in Sources */,
			);
			runOnlyForDeploymentPostprocessing = 0;
		};
/* End PBXSourcesBuildPhase section */

/* Begin PBXTargetDependency section */
		44E05A2618832A180082272F /* PBXTargetDependency */ = {
			isa = PBXTargetDependency;
			target = 44E059FB18832A180082272F /* SpotFlickerFetcher */;
			targetProxy = 44E05A2518832A180082272F /* PBXContainerItemProxy */;
		};
/* End PBXTargetDependency section */

/* Begin PBXVariantGroup section */
		44E05A0818832A180082272F /* InfoPlist.strings */ = {
			isa = PBXVariantGroup;
			children = (
				44E05A0918832A180082272F /* en */,
			);
			name = InfoPlist.strings;
			sourceTree = "<group>";
		};
		44E05A1118832A180082272F /* Main_iPhone.storyboard */ = {
			isa = PBXVariantGroup;
			children = (
				44E05A1218832A180082272F /* Base */,
			);
			name = Main_iPhone.storyboard;
			sourceTree = "<group>";
		};
		44E05A1418832A180082272F /* Main_iPad.storyboard */ = {
			isa = PBXVariantGroup;
			children = (
				44E05A1518832A180082272F /* Base */,
			);
			name = Main_iPad.storyboard;
			sourceTree = "<group>";
		};
		44E05A2A18832A180082272F /* InfoPlist.strings */ = {
			isa = PBXVariantGroup;
			children = (
				44E05A2B18832A180082272F /* en */,
			);
			name = InfoPlist.strings;
			sourceTree = "<group>";
		};
/* End PBXVariantGroup section */

/* Begin XCBuildConfiguration section */
		44E05A2F18832A180082272F /* Debug */ = {
			isa = XCBuildConfiguration;
			buildSettings = {
				ALWAYS_SEARCH_USER_PATHS = NO;
				ARCHS = "$(ARCHS_STANDARD_INCLUDING_64_BIT)";
				CLANG_CXX_LANGUAGE_STANDARD = "gnu++0x";
				CLANG_CXX_LIBRARY = "libc++";
				CLANG_ENABLE_MODULES = YES;
				CLANG_ENABLE_OBJC_ARC = YES;
				CLANG_WARN_BOOL_CONVERSION = YES;
				CLANG_WARN_CONSTANT_CONVERSION = YES;
				CLANG_WARN_DIRECT_OBJC_ISA_USAGE = YES_ERROR;
				CLANG_WARN_EMPTY_BODY = YES;
				CLANG_WARN_ENUM_CONVERSION = YES;
				CLANG_WARN_INT_CONVERSION = YES;
				CLANG_WARN_OBJC_ROOT_CLASS = YES_ERROR;
				CLANG_WARN__DUPLICATE_METHOD_MATCH = YES;
				"CODE_SIGN_IDENTITY[sdk=iphoneos*]" = "iPhone Developer";
				COPY_PHASE_STRIP = NO;
				GCC_C_LANGUAGE_STANDARD = gnu99;
				GCC_DYNAMIC_NO_PIC = NO;
				GCC_OPTIMIZATION_LEVEL = 0;
				GCC_PREPROCESSOR_DEFINITIONS = (
					"DEBUG=1",
					"$(inherited)",
				);
				GCC_SYMBOLS_PRIVATE_EXTERN = NO;
				GCC_WARN_64_TO_32_BIT_CONVERSION = YES;
				GCC_WARN_ABOUT_RETURN_TYPE = YES_ERROR;
				GCC_WARN_UNDECLARED_SELECTOR = YES;
				GCC_WARN_UNINITIALIZED_AUTOS = YES;
				GCC_WARN_UNUSED_FUNCTION = YES;
				GCC_WARN_UNUSED_VARIABLE = YES;
				IPHONEOS_DEPLOYMENT_TARGET = 6.1;
				ONLY_ACTIVE_ARCH = YES;
				SDKROOT = iphoneos;
				TARGETED_DEVICE_FAMILY = "1,2";
			};
			name = Debug;
		};
		44E05A3018832A180082272F /* Release */ = {
			isa = XCBuildConfiguration;
			buildSettings = {
				ALWAYS_SEARCH_USER_PATHS = NO;
				ARCHS = "$(ARCHS_STANDARD_INCLUDING_64_BIT)";
				CLANG_CXX_LANGUAGE_STANDARD = "gnu++0x";
				CLANG_CXX_LIBRARY = "libc++";
				CLANG_ENABLE_MODULES = YES;
				CLANG_ENABLE_OBJC_ARC = YES;
				CLANG_WARN_BOOL_CONVERSION = YES;
				CLANG_WARN_CONSTANT_CONVERSION = YES;
				CLANG_WARN_DIRECT_OBJC_ISA_USAGE = YES_ERROR;
				CLANG_WARN_EMPTY_BODY = YES;
				CLANG_WARN_ENUM_CONVERSION = YES;
				CLANG_WARN_INT_CONVERSION = YES;
				CLANG_WARN_OBJC_ROOT_CLASS = YES_ERROR;
				CLANG_WARN__DUPLICATE_METHOD_MATCH = YES;
				"CODE_SIGN_IDENTITY[sdk=iphoneos*]" = "iPhone Developer";
				COPY_PHASE_STRIP = YES;
				ENABLE_NS_ASSERTIONS = NO;
				GCC_C_LANGUAGE_STANDARD = gnu99;
				GCC_WARN_64_TO_32_BIT_CONVERSION = YES;
				GCC_WARN_ABOUT_RETURN_TYPE = YES_ERROR;
				GCC_WARN_UNDECLARED_SELECTOR = YES;
				GCC_WARN_UNINITIALIZED_AUTOS = YES;
				GCC_WARN_UNUSED_FUNCTION = YES;
				GCC_WARN_UNUSED_VARIABLE = YES;
				IPHONEOS_DEPLOYMENT_TARGET = 6.1;
				SDKROOT = iphoneos;
				TARGETED_DEVICE_FAMILY = "1,2";
				VALIDATE_PRODUCT = YES;
			};
			name = Release;
		};
		44E05A3218832A180082272F /* Debug */ = {
			isa = XCBuildConfiguration;
			buildSettings = {
				ASSETCATALOG_COMPILER_APPICON_NAME = AppIcon;
				ASSETCATALOG_COMPILER_LAUNCHIMAGE_NAME = LaunchImage;
				GCC_PRECOMPILE_PREFIX_HEADER = YES;
				GCC_PREFIX_HEADER = "SpotFlickerFetcher/SpotFlickerFetcher-Prefix.pch";
				INFOPLIST_FILE = "SpotFlickerFetcher/SpotFlickerFetcher-Info.plist";
				IPHONEOS_DEPLOYMENT_TARGET = 6.0;
				PRODUCT_NAME = "$(TARGET_NAME)";
				WRAPPER_EXTENSION = app;
			};
			name = Debug;
		};
		44E05A3318832A180082272F /* Release */ = {
			isa = XCBuildConfiguration;
			buildSettings = {
				ASSETCATALOG_COMPILER_APPICON_NAME = AppIcon;
				ASSETCATALOG_COMPILER_LAUNCHIMAGE_NAME = LaunchImage;
				GCC_PRECOMPILE_PREFIX_HEADER = YES;
				GCC_PREFIX_HEADER = "SpotFlickerFetcher/SpotFlickerFetcher-Prefix.pch";
				INFOPLIST_FILE = "SpotFlickerFetcher/SpotFlickerFetcher-Info.plist";
				IPHONEOS_DEPLOYMENT_TARGET = 6.0;
				PRODUCT_NAME = "$(TARGET_NAME)";
				WRAPPER_EXTENSION = app;
			};
			name = Release;
		};
		44E05A3518832A180082272F /* Debug */ = {
			isa = XCBuildConfiguration;
			buildSettings = {
				ARCHS = "$(ARCHS_STANDARD_INCLUDING_64_BIT)";
				BUNDLE_LOADER = "$(BUILT_PRODUCTS_DIR)/SpotFlickerFetcher.app/SpotFlickerFetcher";
				FRAMEWORK_SEARCH_PATHS = (
					"$(SDKROOT)/Developer/Library/Frameworks",
					"$(inherited)",
					"$(DEVELOPER_FRAMEWORKS_DIR)",
				);
				GCC_PRECOMPILE_PREFIX_HEADER = YES;
				GCC_PREFIX_HEADER = "SpotFlickerFetcher/SpotFlickerFetcher-Prefix.pch";
				GCC_PREPROCESSOR_DEFINITIONS = (
					"DEBUG=1",
					"$(inherited)",
				);
				INFOPLIST_FILE = "SpotFlickerFetcherTests/SpotFlickerFetcherTests-Info.plist";
				PRODUCT_NAME = "$(TARGET_NAME)";
				TEST_HOST = "$(BUNDLE_LOADER)";
				WRAPPER_EXTENSION = xctest;
			};
			name = Debug;
		};
		44E05A3618832A180082272F /* Release */ = {
			isa = XCBuildConfiguration;
			buildSettings = {
				ARCHS = "$(ARCHS_STANDARD_INCLUDING_64_BIT)";
				BUNDLE_LOADER = "$(BUILT_PRODUCTS_DIR)/SpotFlickerFetcher.app/SpotFlickerFetcher";
				FRAMEWORK_SEARCH_PATHS = (
					"$(SDKROOT)/Developer/Library/Frameworks",
					"$(inherited)",
					"$(DEVELOPER_FRAMEWORKS_DIR)",
				);
				GCC_PRECOMPILE_PREFIX_HEADER = YES;
				GCC_PREFIX_HEADER = "SpotFlickerFetcher/SpotFlickerFetcher-Prefix.pch";
				INFOPLIST_FILE = "SpotFlickerFetcherTests/SpotFlickerFetcherTests-Info.plist";
				PRODUCT_NAME = "$(TARGET_NAME)";
				TEST_HOST = "$(BUNDLE_LOADER)";
				WRAPPER_EXTENSION = xctest;
			};
			name = Release;
		};
/* End XCBuildConfiguration section */

/* Begin XCConfigurationList section */
		44E059F718832A180082272F /* Build configuration list for PBXProject "SpotFlickerFetcher" */ = {
			isa = XCConfigurationList;
			buildConfigurations = (
				44E05A2F18832A180082272F /* Debug */,
				44E05A3018832A180082272F /* Release */,
			);
			defaultConfigurationIsVisible = 0;
			defaultConfigurationName = Release;
		};
		44E05A3118832A180082272F /* Build configuration list for PBXNativeTarget "SpotFlickerFetcher" */ = {
			isa = XCConfigurationList;
			buildConfigurations = (
				44E05A3218832A180082272F /* Debug */,
				44E05A3318832A180082272F /* Release */,
			);
			defaultConfigurationIsVisible = 0;
			defaultConfigurationName = Release;
		};
		44E05A3418832A180082272F /* Build configuration list for PBXNativeTarget "SpotFlickerFetcherTests" */ = {
			isa = XCConfigurationList;
			buildConfigurations = (
				44E05A3518832A180082272F /* Debug */,
				44E05A3618832A180082272F /* Release */,
			);
			defaultConfigurationIsVisible = 0;
			defaultConfigurationName = Release;
		};
/* End XCConfigurationList section */
	};
	rootObject = 44E059F418832A180082272F /* Project object */;
}
